
Microsoft Visual Studio Solution File, Format Version 12.00
# Visual Studio Version 17
VisualStudioVersion = 17.4.33110.190
MinimumVisualStudioVersion = 10.0.40219.1
Project("{FAE04EC0-301F-11D3-BF4B-00C04F79EFBC}") = "ApiDapperIdentity", "ApiDapperIdentity.csproj", "{B4C21D96-CF8C-4EC8-A983-9931FCF1F02A}"
EndProject
Global
	GlobalSection(SolutionConfigurationPlatforms) = preSolution
		Debug|Any CPU = Debug|Any CPU
		Release|Any CPU = Release|Any CPU
	EndGlobalSection
	GlobalSection(ProjectConfigurationPlatforms) = postSolution
		{B4C21D96-CF8C-4EC8-A983-9931FCF1F02A}.Debug|Any CPU.ActiveCfg = Debug|Any CPU
		{B4C21D96-CF8C-4EC8-A983-9931FCF1F02A}.Debug|Any CPU.Build.0 = Debug|Any CPU
		{B4C21D96-CF8C-4EC8-A983-9931FCF1F02A}.Release|Any CPU.ActiveCfg = Release|Any CPU
		{B4C21D96-CF8C-4EC8-A983-9931FCF1F02A}.Release|Any CPU.Build.0 = Release|Any CPU
	EndGlobalSection
	GlobalSection(SolutionProperties) = preSolution
		HideSolutionNode = FALSE
	EndGlobalSection
	GlobalSection(ExtensibilityGlobals) = postSolution
		SolutionGuid = {2ED59121-684E-4448-BD71-425AA4A7D653}
	EndGlobalSection
EndGlobal
